{
  "requires": true,
  "lockfileVersion": 1,
  "dependencies": {
    "d3-array": {
      "version": "2.4.0",
      "resolved": "https://registry.npmjs.org/d3-array/-/d3-array-2.4.0.tgz",
      "integrity": "sha512-KQ41bAF2BMakf/HdKT865ALd4cgND6VcIztVQZUTt0+BH3RWy6ZYnHghVXf6NFjt2ritLr8H1T8LreAAlfiNcw=="
    }
  }
}
